
Microsoft Visual Studio Solution File, Format Version 12.00
# Visual Studio Version 17
VisualStudioVersion = 17.13.35931.197 d17.13
MinimumVisualStudioVersion = 10.0.40219.1
Project("{FAE04EC0-301F-11D3-BF4B-00C04F79EFBC}") = "Parcial3", "Parcial3.csproj", "{C089F186-8ACA-4EF3-B620-7D8DB3829543}"
EndProject
Global
	GlobalSection(SolutionConfigurationPlatforms) = preSolution
		Debug|Any CPU = Debug|Any CPU
		Release|Any CPU = Release|Any CPU
	EndGlobalSection
	GlobalSection(ProjectConfigurationPlatforms) = postSolution
		{C089F186-8ACA-4EF3-B620-7D8DB3829543}.Debug|Any CPU.ActiveCfg = Debug|Any CPU
		{C089F186-8ACA-4EF3-B620-7D8DB3829543}.Debug|Any CPU.Build.0 = Debug|Any CPU
		{C089F186-8ACA-4EF3-B620-7D8DB3829543}.Release|Any CPU.ActiveCfg = Release|Any CPU
		{C089F186-8ACA-4EF3-B620-7D8DB3829543}.Release|Any CPU.Build.0 = Release|Any CPU
	EndGlobalSection
	GlobalSection(SolutionProperties) = preSolution
		HideSolutionNode = FALSE
	EndGlobalSection
	GlobalSection(ExtensibilityGlobals) = postSolution
		SolutionGuid = {911183C8-B9B5-4A27-AC76-DCEBE4A8FBE8}
	EndGlobalSection
EndGlobal
